// !$*UTF8*$!
{
	archiveVersion = 1;
	classes = {
	};
	objectVersion = 46;
	objects = {

/* Begin PBXBuildFile section */
		266DA2031A76A104009C55CC /* AppDelegate.swift in Sources */ = {isa = PBXBuildFile; fileRef = 266DA2021A76A104009C55CC /* AppDelegate.swift */; };
		266DA2071A76A104009C55CC /* GameScene.swift in Sources */ = {isa = PBXBuildFile; fileRef = 266DA2061A76A104009C55CC /* GameScene.swift */; };
		266DA2091A76A104009C55CC /* GameViewController.swift in Sources */ = {isa = PBXBuildFile; fileRef = 266DA2081A76A104009C55CC /* GameViewController.swift */; };
		266DA20C1A76A104009C55CC /* Main.storyboard in Resources */ = {isa = PBXBuildFile; fileRef = 266DA20A1A76A104009C55CC /* Main.storyboard */; };
		266DA20E1A76A104009C55CC /* Images.xcassets in Resources */ = {isa = PBXBuildFile; fileRef = 266DA20D1A76A104009C55CC /* Images.xcassets */; };
		266DA2111A76A104009C55CC /* LaunchScreen.xib in Resources */ = {isa = PBXBuildFile; fileRef = 266DA20F1A76A104009C55CC /* LaunchScreen.xib */; };
		266DA21D1A76A104009C55CC /* AsteroidsTests.swift in Sources */ = {isa = PBXBuildFile; fileRef = 266DA21C1A76A104009C55CC /* AsteroidsTests.swift */; };
		266DA2271A76A217009C55CC /* GameOverScene.swift in Sources */ = {isa = PBXBuildFile; fileRef = 266DA2261A76A217009C55CC /* GameOverScene.swift */; };
		266DA2681A7709DB009C55CC /* Joystick.swift in Sources */ = {isa = PBXBuildFile; fileRef = 266DA2671A7709DB009C55CC /* Joystick.swift */; };
		266DA2A51A772157009C55CC /* asteroid_large_1.png in Resources */ = {isa = PBXBuildFile; fileRef = 266DA2911A772157009C55CC /* asteroid_large_1.png */; };
		266DA2A61A772157009C55CC /* asteroid_large_1@x2.png in Resources */ = {isa = PBXBuildFile; fileRef = 266DA2921A772157009C55CC /* asteroid_large_1@x2.png */; };
		266DA2A71A772157009C55CC /* asteroid_med_1.png in Resources */ = {isa = PBXBuildFile; fileRef = 266DA2931A772157009C55CC /* asteroid_med_1.png */; };
		266DA2A81A772157009C55CC /* asteroid_med_1@x2.png in Resources */ = {isa = PBXBuildFile; fileRef = 266DA2941A772157009C55CC /* asteroid_med_1@x2.png */; };
		266DA2A91A772157009C55CC /* asteroid_small_1.png in Resources */ = {isa = PBXBuildFile; fileRef = 266DA2951A772157009C55CC /* asteroid_small_1.png */; };
		266DA2AA1A772157009C55CC /* asteroid_small_1@x2.png in Resources */ = {isa = PBXBuildFile; fileRef = 266DA2961A772157009C55CC /* asteroid_small_1@x2.png */; };
		266DA2AB1A772157009C55CC /* dpad.png in Resources */ = {isa = PBXBuildFile; fileRef = 266DA2971A772157009C55CC /* dpad.png */; };
		266DA2AC1A772157009C55CC /* dpad@x2.png in Resources */ = {isa = PBXBuildFile; fileRef = 266DA2981A772157009C55CC /* dpad@x2.png */; };
		266DA2AD1A772157009C55CC /* fire.png in Resources */ = {isa = PBXBuildFile; fileRef = 266DA2991A772157009C55CC /* fire.png */; };
		266DA2AE1A772157009C55CC /* fire@x2.png in Resources */ = {isa = PBXBuildFile; fileRef = 266DA29A1A772157009C55CC /* fire@x2.png */; };
		266DA2B11A772157009C55CC /* ship.png in Resources */ = {isa = PBXBuildFile; fileRef = 266DA29D1A772157009C55CC /* ship.png */; };
		266DA2B21A772157009C55CC /* ship@x2.png in Resources */ = {isa = PBXBuildFile; fileRef = 266DA29E1A772157009C55CC /* ship@x2.png */; };
		266DA2B51A772157009C55CC /* thrust.png in Resources */ = {isa = PBXBuildFile; fileRef = 266DA2A11A772157009C55CC /* thrust.png */; };
		266DA2B61A772157009C55CC /* thrust@x2.png in Resources */ = {isa = PBXBuildFile; fileRef = 266DA2A21A772157009C55CC /* thrust@x2.png */; };
		266DA2B71A772157009C55CC /* thumb_stick.png in Resources */ = {isa = PBXBuildFile; fileRef = 266DA2A31A772157009C55CC /* thumb_stick.png */; };
		266DA2B81A772157009C55CC /* thumb_stick@x2.png in Resources */ = {isa = PBXBuildFile; fileRef = 266DA2A41A772157009C55CC /* thumb_stick@x2.png */; };
		2686E4F51A784B5500719660 /* VectorMath.swift in Sources */ = {isa = PBXBuildFile; fileRef = 2686E4F41A784B5500719660 /* VectorMath.swift */; };
		26A320C31A786654009D6F85 /* Ship.swift in Sources */ = {isa = PBXBuildFile; fileRef = 26A320C21A786654009D6F85 /* Ship.swift */; };
		26A320C51A786D79009D6F85 /* Button.swift in Sources */ = {isa = PBXBuildFile; fileRef = 26A320C41A786D79009D6F85 /* Button.swift */; };
		26A320C71A79869F009D6F85 /* Bullet.swift in Sources */ = {isa = PBXBuildFile; fileRef = 26A320C61A79869F009D6F85 /* Bullet.swift */; };
		26A320C91A7AB3CD009D6F85 /* Asteroid.swift in Sources */ = {isa = PBXBuildFile; fileRef = 26A320C81A7AB3CD009D6F85 /* Asteroid.swift */; };
		26A320E01A7C4406009D6F85 /* shield.png in Resources */ = {isa = PBXBuildFile; fileRef = 26A320DA1A7C4406009D6F85 /* shield.png */; };
		26A320E11A7C4406009D6F85 /* shield@x2.png in Resources */ = {isa = PBXBuildFile; fileRef = 26A320DB1A7C4406009D6F85 /* shield@x2.png */; };
		26A320E21A7C4406009D6F85 /* ship_thrust.png in Resources */ = {isa = PBXBuildFile; fileRef = 26A320DC1A7C4406009D6F85 /* ship_thrust.png */; };
		26A320E31A7C4406009D6F85 /* ship_thrust@x2.png in Resources */ = {isa = PBXBuildFile; fileRef = 26A320DD1A7C4406009D6F85 /* ship_thrust@x2.png */; };
		26A320E41A7C4406009D6F85 /* shot.png in Resources */ = {isa = PBXBuildFile; fileRef = 26A320DE1A7C4406009D6F85 /* shot.png */; };
		26A320E51A7C4406009D6F85 /* shot@x2.png in Resources */ = {isa = PBXBuildFile; fileRef = 26A320DF1A7C4406009D6F85 /* shot@x2.png */; };
		26A320E71A7C47F2009D6F85 /* DebrisField.swift in Sources */ = {isa = PBXBuildFile; fileRef = 26A320E61A7C47F2009D6F85 /* DebrisField.swift */; };
/* End PBXBuildFile section */

/* Begin PBXContainerItemProxy section */
		266DA2171A76A104009C55CC /* PBXContainerItemProxy */ = {
			isa = PBXContainerItemProxy;
			containerPortal = 266DA1F51A76A104009C55CC /* Project object */;
			proxyType = 1;
			remoteGlobalIDString = 266DA1FC1A76A104009C55CC;
			remoteInfo = Asteroids;
		};
/* End PBXContainerItemProxy section */

/* Begin PBXFileReference section */
		266DA1FD1A76A104009C55CC /* Asteroids.app */ = {isa = PBXFileReference; explicitFileType = wrapper.application; includeInIndex = 0; path = Asteroids.app; sourceTree = BUILT_PRODUCTS_DIR; };
		266DA2011A76A104009C55CC /* Info.plist */ = {isa = PBXFileReference; lastKnownFileType = text.plist.xml; path = Info.plist; sourceTree = "<group>"; };
		266DA2021A76A104009C55CC /* AppDelegate.swift */ = {isa = PBXFileReference; lastKnownFileType = sourcecode.swift; path = AppDelegate.swift; sourceTree = "<group>"; };
		266DA2061A76A104009C55CC /* GameScene.swift */ = {isa = PBXFileReference; lastKnownFileType = sourcecode.swift; path = GameScene.swift; sourceTree = "<group>"; };
		266DA2081A76A104009C55CC /* GameViewController.swift */ = {isa = PBXFileReference; lastKnownFileType = sourcecode.swift; path = GameViewController.swift; sourceTree = "<group>"; };
		266DA20B1A76A104009C55CC /* Base */ = {isa = PBXFileReference; lastKnownFileType = file.storyboard; name = Base; path = Base.lproj/Main.storyboard; sourceTree = "<group>"; };
		266DA20D1A76A104009C55CC /* Images.xcassets */ = {isa = PBXFileReference; lastKnownFileType = folder.assetcatalog; path = Images.xcassets; sourceTree = "<group>"; };
		266DA2101A76A104009C55CC /* Base */ = {isa = PBXFileReference; lastKnownFileType = file.xib; name = Base; path = Base.lproj/LaunchScreen.xib; sourceTree = "<group>"; };
		266DA2161A76A104009C55CC /* AsteroidsTests.xctest */ = {isa = PBXFileReference; explicitFileType = wrapper.cfbundle; includeInIndex = 0; path = AsteroidsTests.xctest; sourceTree = BUILT_PRODUCTS_DIR; };
		266DA21B1A76A104009C55CC /* Info.plist */ = {isa = PBXFileReference; lastKnownFileType = text.plist.xml; path = Info.plist; sourceTree = "<group>"; };
		266DA21C1A76A104009C55CC /* AsteroidsTests.swift */ = {isa = PBXFileReference; lastKnownFileType = sourcecode.swift; path = AsteroidsTests.swift; sourceTree = "<group>"; };
		266DA2261A76A217009C55CC /* GameOverScene.swift */ = {isa = PBXFileReference; fileEncoding = 4; lastKnownFileType = sourcecode.swift; path = GameOverScene.swift; sourceTree = "<group>"; };
		266DA2671A7709DB009C55CC /* Joystick.swift */ = {isa = PBXFileReference; fileEncoding = 4; lastKnownFileType = sourcecode.swift; path = Joystick.swift; sourceTree = "<group>"; };
		266DA2911A772157009C55CC /* asteroid_large_1.png */ = {isa = PBXFileReference; lastKnownFileType = image.png; path = asteroid_large_1.png; sourceTree = "<group>"; };
		266DA2921A772157009C55CC /* asteroid_large_1@x2.png */ = {isa = PBXFileReference; lastKnownFileType = image.png; path = "asteroid_large_1@x2.png"; sourceTree = "<group>"; };
		266DA2931A772157009C55CC /* asteroid_med_1.png */ = {isa = PBXFileReference; lastKnownFileType = image.png; path = asteroid_med_1.png; sourceTree = "<group>"; };
		266DA2941A772157009C55CC /* asteroid_med_1@x2.png */ = {isa = PBXFileReference; lastKnownFileType = image.png; path = "asteroid_med_1@x2.png"; sourceTree = "<group>"; };
		266DA2951A772157009C55CC /* asteroid_small_1.png */ = {isa = PBXFileReference; lastKnownFileType = image.png; path = asteroid_small_1.png; sourceTree = "<group>"; };
		266DA2961A772157009C55CC /* asteroid_small_1@x2.png */ = {isa = PBXFileReference; lastKnownFileType = image.png; path = "asteroid_small_1@x2.png"; sourceTree = "<group>"; };
		266DA2971A772157009C55CC /* dpad.png */ = {isa = PBXFileReference; lastKnownFileType = image.png; path = dpad.png; sourceTree = "<group>"; };
		266DA2981A772157009C55CC /* dpad@x2.png */ = {isa = PBXFileReference; lastKnownFileType = image.png; path = "dpad@x2.png"; sourceTree = "<group>"; };
		266DA2991A772157009C55CC /* fire.png */ = {isa = PBXFileReference; lastKnownFileType = image.png; path = fire.png; sourceTree = "<group>"; };
		266DA29A1A772157009C55CC /* fire@x2.png */ = {isa = PBXFileReference; lastKnownFileType = image.png; path = "fire@x2.png"; sourceTree = "<group>"; };
		266DA29D1A772157009C55CC /* ship.png */ = {isa = PBXFileReference; lastKnownFileType = image.png; path = ship.png; sourceTree = "<group>"; };
		266DA29E1A772157009C55CC /* ship@x2.png */ = {isa = PBXFileReference; lastKnownFileType = image.png; path = "ship@x2.png"; sourceTree = "<group>"; };
		266DA2A11A772157009C55CC /* thrust.png */ = {isa = PBXFileReference; lastKnownFileType = image.png; path = thrust.png; sourceTree = "<group>"; };
		266DA2A21A772157009C55CC /* thrust@x2.png */ = {isa = PBXFileReference; lastKnownFileType = image.png; path = "thrust@x2.png"; sourceTree = "<group>"; };
		266DA2A31A772157009C55CC /* thumb_stick.png */ = {isa = PBXFileReference; lastKnownFileType = image.png; path = thumb_stick.png; sourceTree = "<group>"; };
		266DA2A41A772157009C55CC /* thumb_stick@x2.png */ = {isa = PBXFileReference; lastKnownFileType = image.png; path = "thumb_stick@x2.png"; sourceTree = "<group>"; };
		2686E4F41A784B5500719660 /* VectorMath.swift */ = {isa = PBXFileReference; fileEncoding = 4; lastKnownFileType = sourcecode.swift; path = VectorMath.swift; sourceTree = "<group>"; };
		26A320C21A786654009D6F85 /* Ship.swift */ = {isa = PBXFileReference; fileEncoding = 4; lastKnownFileType = sourcecode.swift; path = Ship.swift; sourceTree = "<group>"; };
		26A320C41A786D79009D6F85 /* Button.swift */ = {isa = PBXFileReference; fileEncoding = 4; lastKnownFileType = sourcecode.swift; path = Button.swift; sourceTree = "<group>"; };
		26A320C61A79869F009D6F85 /* Bullet.swift */ = {isa = PBXFileReference; fileEncoding = 4; lastKnownFileType = sourcecode.swift; path = Bullet.swift; sourceTree = "<group>"; };
		26A320C81A7AB3CD009D6F85 /* Asteroid.swift */ = {isa = PBXFileReference; fileEncoding = 4; lastKnownFileType = sourcecode.swift; path = Asteroid.swift; sourceTree = "<group>"; };
		26A320DA1A7C4406009D6F85 /* shield.png */ = {isa = PBXFileReference; lastKnownFileType = image.png; path = shield.png; sourceTree = "<group>"; };
		26A320DB1A7C4406009D6F85 /* shield@x2.png */ = {isa = PBXFileReference; lastKnownFileType = image.png; path = "shield@x2.png"; sourceTree = "<group>"; };
		26A320DC1A7C4406009D6F85 /* ship_thrust.png */ = {isa = PBXFileReference; lastKnownFileType = image.png; path = ship_thrust.png; sourceTree = "<group>"; };
		26A320DD1A7C4406009D6F85 /* ship_thrust@x2.png */ = {isa = PBXFileReference; lastKnownFileType = image.png; path = "ship_thrust@x2.png"; sourceTree = "<group>"; };
		26A320DE1A7C4406009D6F85 /* shot.png */ = {isa = PBXFileReference; lastKnownFileType = image.png; path = shot.png; sourceTree = "<group>"; };
		26A320DF1A7C4406009D6F85 /* shot@x2.png */ = {isa = PBXFileReference; lastKnownFileType = image.png; path = "shot@x2.png"; sourceTree = "<group>"; };
		26A320E61A7C47F2009D6F85 /* DebrisField.swift */ = {isa = PBXFileReference; fileEncoding = 4; lastKnownFileType = sourcecode.swift; path = DebrisField.swift; sourceTree = "<group>"; };
/* End PBXFileReference section */

/* Begin PBXFrameworksBuildPhase section */
		266DA1FA1A76A104009C55CC /* Frameworks */ = {
			isa = PBXFrameworksBuildPhase;
			buildActionMask = 2147483647;
			files = (
			);
			runOnlyForDeploymentPostprocessing = 0;
		};
		266DA2131A76A104009C55CC /* Frameworks */ = {
			isa = PBXFrameworksBuildPhase;
			buildActionMask = 2147483647;
			files = (
			);
			runOnlyForDeploymentPostprocessing = 0;
		};
/* End PBXFrameworksBuildPhase section */

/* Begin PBXGroup section */
		266DA1F41A76A104009C55CC = {
			isa = PBXGroup;
			children = (
				266DA1FF1A76A104009C55CC /* Asteroids */,
				266DA2191A76A104009C55CC /* AsteroidsTests */,
				266DA1FE1A76A104009C55CC /* Products */,
			);
			sourceTree = "<group>";
		};
		266DA1FE1A76A104009C55CC /* Products */ = {
			isa = PBXGroup;
			children = (
				266DA1FD1A76A104009C55CC /* Asteroids.app */,
				266DA2161A76A104009C55CC /* AsteroidsTests.xctest */,
			);
			name = Products;
			sourceTree = "<group>";
		};
		266DA1FF1A76A104009C55CC /* Asteroids */ = {
			isa = PBXGroup;
			children = (
				266DA2471A770341009C55CC /* sprites.atlas */,
				266DA2261A76A217009C55CC /* GameOverScene.swift */,
				266DA2671A7709DB009C55CC /* Joystick.swift */,
				26A320C21A786654009D6F85 /* Ship.swift */,
				26A320C61A79869F009D6F85 /* Bullet.swift */,
				26A320E61A7C47F2009D6F85 /* DebrisField.swift */,
				26A320C81A7AB3CD009D6F85 /* Asteroid.swift */,
				266DA2021A76A104009C55CC /* AppDelegate.swift */,
				266DA2061A76A104009C55CC /* GameScene.swift */,
				26A320C41A786D79009D6F85 /* Button.swift */,
				2686E4F41A784B5500719660 /* VectorMath.swift */,
				266DA2081A76A104009C55CC /* GameViewController.swift */,
				266DA20A1A76A104009C55CC /* Main.storyboard */,
				266DA20D1A76A104009C55CC /* Images.xcassets */,
				266DA20F1A76A104009C55CC /* LaunchScreen.xib */,
				266DA2001A76A104009C55CC /* Supporting Files */,
			);
			path = Asteroids;
			sourceTree = "<group>";
		};
		266DA2001A76A104009C55CC /* Supporting Files */ = {
			isa = PBXGroup;
			children = (
				266DA2011A76A104009C55CC /* Info.plist */,
			);
			name = "Supporting Files";
			sourceTree = "<group>";
		};
		266DA2191A76A104009C55CC /* AsteroidsTests */ = {
			isa = PBXGroup;
			children = (
				266DA21C1A76A104009C55CC /* AsteroidsTests.swift */,
				266DA21A1A76A104009C55CC /* Supporting Files */,
			);
			path = AsteroidsTests;
			sourceTree = "<group>";
		};
		266DA21A1A76A104009C55CC /* Supporting Files */ = {
			isa = PBXGroup;
			children = (
				266DA21B1A76A104009C55CC /* Info.plist */,
			);
			name = "Supporting Files";
			sourceTree = "<group>";
		};
		266DA2471A770341009C55CC /* sprites.atlas */ = {
			isa = PBXGroup;
			children = (
				26A320DA1A7C4406009D6F85 /* shield.png */,
				26A320DB1A7C4406009D6F85 /* shield@x2.png */,
				26A320DC1A7C4406009D6F85 /* ship_thrust.png */,
				26A320DD1A7C4406009D6F85 /* ship_thrust@x2.png */,
				26A320DE1A7C4406009D6F85 /* shot.png */,
				26A320DF1A7C4406009D6F85 /* shot@x2.png */,
				266DA2911A772157009C55CC /* asteroid_large_1.png */,
				266DA2931A772157009C55CC /* asteroid_med_1.png */,
				266DA2921A772157009C55CC /* asteroid_large_1@x2.png */,
				266DA2941A772157009C55CC /* asteroid_med_1@x2.png */,
				266DA2951A772157009C55CC /* asteroid_small_1.png */,
				266DA2961A772157009C55CC /* asteroid_small_1@x2.png */,
				266DA2971A772157009C55CC /* dpad.png */,
				266DA2981A772157009C55CC /* dpad@x2.png */,
				266DA2991A772157009C55CC /* fire.png */,
				266DA29A1A772157009C55CC /* fire@x2.png */,
				266DA29D1A772157009C55CC /* ship.png */,
				266DA29E1A772157009C55CC /* ship@x2.png */,
				266DA2A11A772157009C55CC /* thrust.png */,
				266DA2A21A772157009C55CC /* thrust@x2.png */,
				266DA2A31A772157009C55CC /* thumb_stick.png */,
				266DA2A41A772157009C55CC /* thumb_stick@x2.png */,
			);
			name = sprites.atlas;
			sourceTree = "<group>";
		};
/* End PBXGroup section */

/* Begin PBXNativeTarget section */
		266DA1FC1A76A104009C55CC /* Asteroids */ = {
			isa = PBXNativeTarget;
			buildConfigurationList = 266DA2201A76A104009C55CC /* Build configuration list for PBXNativeTarget "Asteroids" */;
			buildPhases = (
				266DA1F91A76A104009C55CC /* Sources */,
				266DA1FA1A76A104009C55CC /* Frameworks */,
				266DA1FB1A76A104009C55CC /* Resources */,
			);
			buildRules = (
			);
			dependencies = (
			);
			name = Asteroids;
			productName = Asteroids;
			productReference = 266DA1FD1A76A104009C55CC /* Asteroids.app */;
			productType = "com.apple.product-type.application";
		};
		266DA2151A76A104009C55CC /* AsteroidsTests */ = {
			isa = PBXNativeTarget;
			buildConfigurationList = 266DA2231A76A104009C55CC /* Build configuration list for PBXNativeTarget "AsteroidsTests" */;
			buildPhases = (
				266DA2121A76A104009C55CC /* Sources */,
				266DA2131A76A104009C55CC /* Frameworks */,
				266DA2141A76A104009C55CC /* Resources */,
			);
			buildRules = (
			);
			dependencies = (
				266DA2181A76A104009C55CC /* PBXTargetDependency */,
			);
			name = AsteroidsTests;
			productName = AsteroidsTests;
			productReference = 266DA2161A76A104009C55CC /* AsteroidsTests.xctest */;
			productType = "com.apple.product-type.bundle.unit-test";
		};
/* End PBXNativeTarget section */

/* Begin PBXProject section */
		266DA1F51A76A104009C55CC /* Project object */ = {
			isa = PBXProject;
			attributes = {
				LastUpgradeCheck = 0610;
				ORGANIZATIONNAME = "Southbase Limited";
				TargetAttributes = {
					266DA1FC1A76A104009C55CC = {
						CreatedOnToolsVersion = 6.1.1;
					};
					266DA2151A76A104009C55CC = {
						CreatedOnToolsVersion = 6.1.1;
						TestTargetID = 266DA1FC1A76A104009C55CC;
					};
				};
			};
			buildConfigurationList = 266DA1F81A76A104009C55CC /* Build configuration list for PBXProject "Asteroids" */;
			compatibilityVersion = "Xcode 3.2";
			developmentRegion = English;
			hasScannedForEncodings = 0;
			knownRegions = (
				en,
				Base,
			);
			mainGroup = 266DA1F41A76A104009C55CC;
			productRefGroup = 266DA1FE1A76A104009C55CC /* Products */;
			projectDirPath = "";
			projectRoot = "";
			targets = (
				266DA1FC1A76A104009C55CC /* Asteroids */,
				266DA2151A76A104009C55CC /* AsteroidsTests */,
			);
		};
/* End PBXProject section */

/* Begin PBXResourcesBuildPhase section */
		266DA1FB1A76A104009C55CC /* Resources */ = {
			isa = PBXResourcesBuildPhase;
			buildActionMask = 2147483647;
			files = (
				266DA2A51A772157009C55CC /* asteroid_large_1.png in Resources */,
				266DA2AE1A772157009C55CC /* fire@x2.png in Resources */,
				266DA2A81A772157009C55CC /* asteroid_med_1@x2.png in Resources */,
				266DA2A91A772157009C55CC /* asteroid_small_1.png in Resources */,
				266DA2AC1A772157009C55CC /* dpad@x2.png in Resources */,
				266DA2B21A772157009C55CC /* ship@x2.png in Resources */,
				266DA2B61A772157009C55CC /* thrust@x2.png in Resources */,
				266DA2111A76A104009C55CC /* LaunchScreen.xib in Resources */,
				266DA2AD1A772157009C55CC /* fire.png in Resources */,
				266DA2B81A772157009C55CC /* thumb_stick@x2.png in Resources */,
				26A320E01A7C4406009D6F85 /* shield.png in Resources */,
				26A320E11A7C4406009D6F85 /* shield@x2.png in Resources */,
				266DA20E1A76A104009C55CC /* Images.xcassets in Resources */,
				26A320E21A7C4406009D6F85 /* ship_thrust.png in Resources */,
				266DA2AA1A772157009C55CC /* asteroid_small_1@x2.png in Resources */,
				266DA2AB1A772157009C55CC /* dpad.png in Resources */,
				266DA2A61A772157009C55CC /* asteroid_large_1@x2.png in Resources */,
				26A320E41A7C4406009D6F85 /* shot.png in Resources */,
				266DA2B71A772157009C55CC /* thumb_stick.png in Resources */,
				266DA20C1A76A104009C55CC /* Main.storyboard in Resources */,
				26A320E51A7C4406009D6F85 /* shot@x2.png in Resources */,
				266DA2A71A772157009C55CC /* asteroid_med_1.png in Resources */,
				26A320E31A7C4406009D6F85 /* ship_thrust@x2.png in Resources */,
				266DA2B11A772157009C55CC /* ship.png in Resources */,
				266DA2B51A772157009C55CC /* thrust.png in Resources */,
			);
			runOnlyForDeploymentPostprocessing = 0;
		};
		266DA2141A76A104009C55CC /* Resources */ = {
			isa = PBXResourcesBuildPhase;
			buildActionMask = 2147483647;
			files = (
			);
			runOnlyForDeploymentPostprocessing = 0;
		};
/* End PBXResourcesBuildPhase section */

/* Begin PBXSourcesBuildPhase section */
		266DA1F91A76A104009C55CC /* Sources */ = {
			isa = PBXSourcesBuildPhase;
			buildActionMask = 2147483647;
			files = (
				26A320E71A7C47F2009D6F85 /* DebrisField.swift in Sources */,
				266DA2071A76A104009C55CC /* GameScene.swift in Sources */,
				266DA2091A76A104009C55CC /* GameViewController.swift in Sources */,
				266DA2681A7709DB009C55CC /* Joystick.swift in Sources */,
				26A320C51A786D79009D6F85 /* Button.swift in Sources */,
				26A320C91A7AB3CD009D6F85 /* Asteroid.swift in Sources */,
				266DA2271A76A217009C55CC /* GameOverScene.swift in Sources */,
				2686E4F51A784B5500719660 /* VectorMath.swift in Sources */,
				26A320C31A786654009D6F85 /* Ship.swift in Sources */,
				266DA2031A76A104009C55CC /* AppDelegate.swift in Sources */,
				26A320C71A79869F009D6F85 /* Bullet.swift in Sources */,
			);
			runOnlyForDeploymentPostprocessing = 0;
		};
		266DA2121A76A104009C55CC /* Sources */ = {
			isa = PBXSourcesBuildPhase;
			buildActionMask = 2147483647;
			files = (
				266DA21D1A76A104009C55CC /* AsteroidsTests.swift in Sources */,
			);
			runOnlyForDeploymentPostprocessing = 0;
		};
/* End PBXSourcesBuildPhase section */

/* Begin PBXTargetDependency section */
		266DA2181A76A104009C55CC /* PBXTargetDependency */ = {
			isa = PBXTargetDependency;
			target = 266DA1FC1A76A104009C55CC /* Asteroids */;
			targetProxy = 266DA2171A76A104009C55CC /* PBXContainerItemProxy */;
		};
/* End PBXTargetDependency section */

/* Begin PBXVariantGroup section */
		266DA20A1A76A104009C55CC /* Main.storyboard */ = {
			isa = PBXVariantGroup;
			children = (
				266DA20B1A76A104009C55CC /* Base */,
			);
			name = Main.storyboard;
			sourceTree = "<group>";
		};
		266DA20F1A76A104009C55CC /* LaunchScreen.xib */ = {
			isa = PBXVariantGroup;
			children = (
				266DA2101A76A104009C55CC /* Base */,
			);
			name = LaunchScreen.xib;
			sourceTree = "<group>";
		};
/* End PBXVariantGroup section */

/* Begin XCBuildConfiguration section */
		266DA21E1A76A104009C55CC /* Debug */ = {
			isa = XCBuildConfiguration;
			buildSettings = {
				ALWAYS_SEARCH_USER_PATHS = NO;
				CLANG_CXX_LANGUAGE_STANDARD = "gnu++0x";
				CLANG_CXX_LIBRARY = "libc++";
				CLANG_ENABLE_MODULES = YES;
				CLANG_ENABLE_OBJC_ARC = YES;
				CLANG_WARN_BOOL_CONVERSION = YES;
				CLANG_WARN_CONSTANT_CONVERSION = YES;
				CLANG_WARN_DIRECT_OBJC_ISA_USAGE = YES_ERROR;
				CLANG_WARN_EMPTY_BODY = YES;
				CLANG_WARN_ENUM_CONVERSION = YES;
				CLANG_WARN_INT_CONVERSION = YES;
				CLANG_WARN_OBJC_ROOT_CLASS = YES_ERROR;
				CLANG_WARN_UNREACHABLE_CODE = YES;
				CLANG_WARN__DUPLICATE_METHOD_MATCH = YES;
				"CODE_SIGN_IDENTITY[sdk=iphoneos*]" = "iPhone Developer";
				COPY_PHASE_STRIP = NO;
				ENABLE_STRICT_OBJC_MSGSEND = YES;
				GCC_C_LANGUAGE_STANDARD = gnu99;
				GCC_DYNAMIC_NO_PIC = NO;
				GCC_OPTIMIZATION_LEVEL = 0;
				GCC_PREPROCESSOR_DEFINITIONS = (
					"DEBUG=1",
					"$(inherited)",
				);
				GCC_SYMBOLS_PRIVATE_EXTERN = NO;
				GCC_WARN_64_TO_32_BIT_CONVERSION = YES;
				GCC_WARN_ABOUT_RETURN_TYPE = YES_ERROR;
				GCC_WARN_UNDECLARED_SELECTOR = YES;
				GCC_WARN_UNINITIALIZED_AUTOS = YES_AGGRESSIVE;
				GCC_WARN_UNUSED_FUNCTION = YES;
				GCC_WARN_UNUSED_VARIABLE = YES;
				IPHONEOS_DEPLOYMENT_TARGET = 8.1;
				MTL_ENABLE_DEBUG_INFO = YES;
				ONLY_ACTIVE_ARCH = YES;
				SDKROOT = iphoneos;
				SWIFT_OPTIMIZATION_LEVEL = "-Onone";
			};
			name = Debug;
		};
		266DA21F1A76A104009C55CC /* Release */ = {
			isa = XCBuildConfiguration;
			buildSettings = {
				ALWAYS_SEARCH_USER_PATHS = NO;
				CLANG_CXX_LANGUAGE_STANDARD = "gnu++0x";
				CLANG_CXX_LIBRARY = "libc++";
				CLANG_ENABLE_MODULES = YES;
				CLANG_ENABLE_OBJC_ARC = YES;
				CLANG_WARN_BOOL_CONVERSION = YES;
				CLANG_WARN_CONSTANT_CONVERSION = YES;
				CLANG_WARN_DIRECT_OBJC_ISA_USAGE = YES_ERROR;
				CLANG_WARN_EMPTY_BODY = YES;
				CLANG_WARN_ENUM_CONVERSION = YES;
				CLANG_WARN_INT_CONVERSION = YES;
				CLANG_WARN_OBJC_ROOT_CLASS = YES_ERROR;
				CLANG_WARN_UNREACHABLE_CODE = YES;
				CLANG_WARN__DUPLICATE_METHOD_MATCH = YES;
				"CODE_SIGN_IDENTITY[sdk=iphoneos*]" = "iPhone Developer";
				COPY_PHASE_STRIP = YES;
				ENABLE_NS_ASSERTIONS = NO;
				ENABLE_STRICT_OBJC_MSGSEND = YES;
				GCC_C_LANGUAGE_STANDARD = gnu99;
				GCC_WARN_64_TO_32_BIT_CONVERSION = YES;
				GCC_WARN_ABOUT_RETURN_TYPE = YES_ERROR;
				GCC_WARN_UNDECLARED_SELECTOR = YES;
				GCC_WARN_UNINITIALIZED_AUTOS = YES_AGGRESSIVE;
				GCC_WARN_UNUSED_FUNCTION = YES;
				GCC_WARN_UNUSED_VARIABLE = YES;
				IPHONEOS_DEPLOYMENT_TARGET = 8.1;
				MTL_ENABLE_DEBUG_INFO = NO;
				SDKROOT = iphoneos;
				VALIDATE_PRODUCT = YES;
			};
			name = Release;
		};
		266DA2211A76A104009C55CC /* Debug */ = {
			isa = XCBuildConfiguration;
			buildSettings = {
				ASSETCATALOG_COMPILER_APPICON_NAME = AppIcon;
				INFOPLIST_FILE = Asteroids/Info.plist;
				LD_RUNPATH_SEARCH_PATHS = "$(inherited) @executable_path/Frameworks";
				PRODUCT_NAME = "$(TARGET_NAME)";
			};
			name = Debug;
		};
		266DA2221A76A104009C55CC /* Release */ = {
			isa = XCBuildConfiguration;
			buildSettings = {
				ASSETCATALOG_COMPILER_APPICON_NAME = AppIcon;
				INFOPLIST_FILE = Asteroids/Info.plist;
				LD_RUNPATH_SEARCH_PATHS = "$(inherited) @executable_path/Frameworks";
				PRODUCT_NAME = "$(TARGET_NAME)";
			};
			name = Release;
		};
		266DA2241A76A104009C55CC /* Debug */ = {
			isa = XCBuildConfiguration;
			buildSettings = {
				BUNDLE_LOADER = "$(TEST_HOST)";
				FRAMEWORK_SEARCH_PATHS = (
					"$(SDKROOT)/Developer/Library/Frameworks",
					"$(inherited)",
				);
				GCC_PREPROCESSOR_DEFINITIONS = (
					"DEBUG=1",
					"$(inherited)",
				);
				INFOPLIST_FILE = AsteroidsTests/Info.plist;
				LD_RUNPATH_SEARCH_PATHS = "$(inherited) @executable_path/Frameworks @loader_path/Frameworks";
				PRODUCT_NAME = "$(TARGET_NAME)";
				TEST_HOST = "$(BUILT_PRODUCTS_DIR)/Asteroids.app/Asteroids";
			};
			name = Debug;
		};
		266DA2251A76A104009C55CC /* Release */ = {
			isa = XCBuildConfiguration;
			buildSettings = {
				BUNDLE_LOADER = "$(TEST_HOST)";
				FRAMEWORK_SEARCH_PATHS = (
					"$(SDKROOT)/Developer/Library/Frameworks",
					"$(inherited)",
				);
				INFOPLIST_FILE = AsteroidsTests/Info.plist;
				LD_RUNPATH_SEARCH_PATHS = "$(inherited) @executable_path/Frameworks @loader_path/Frameworks";
				PRODUCT_NAME = "$(TARGET_NAME)";
				TEST_HOST = "$(BUILT_PRODUCTS_DIR)/Asteroids.app/Asteroids";
			};
			name = Release;
		};
/* End XCBuildConfiguration section */

/* Begin XCConfigurationList section */
		266DA1F81A76A104009C55CC /* Build configuration list for PBXProject "Asteroids" */ = {
			isa = XCConfigurationList;
			buildConfigurations = (
				266DA21E1A76A104009C55CC /* Debug */,
				266DA21F1A76A104009C55CC /* Release */,
			);
			defaultConfigurationIsVisible = 0;
			defaultConfigurationName = Release;
		};
		266DA2201A76A104009C55CC /* Build configuration list for PBXNativeTarget "Asteroids" */ = {
			isa = XCConfigurationList;
			buildConfigurations = (
				266DA2211A76A104009C55CC /* Debug */,
				266DA2221A76A104009C55CC /* Release */,
			);
			defaultConfigurationIsVisible = 0;
			defaultConfigurationName = Release;
		};
		266DA2231A76A104009C55CC /* Build configuration list for PBXNativeTarget "AsteroidsTests" */ = {
			isa = XCConfigurationList;
			buildConfigurations = (
				266DA2241A76A104009C55CC /* Debug */,
				266DA2251A76A104009C55CC /* Release */,
			);
			defaultConfigurationIsVisible = 0;
			defaultConfigurationName = Release;
		};
/* End XCConfigurationList section */
	};
	rootObject = 266DA1F51A76A104009C55CC /* Project object */;
}
